
Microsoft Visual Studio Solution File, Format Version 10.00
# Visual Studio 2008
Project("{FAE04EC0-301F-11D3-BF4B-00C04F79EFBC}") = "Bot", "Bot.csproj", "{3D110D33-2A6E-4608-AB27-BAFCF5C6C88A}"
EndProject
Project("{FAE04EC0-301F-11D3-BF4B-00C04F79EFBC}") = "BotTests", "BotTests\BotTests.csproj", "{CF44FA56-AE04-46AF-B259-192C4903123A}"
EndProject
Project("{2150E333-8FDC-42A3-9474-1A3956D46DE8}") = "Solution Items", "Solution Items", "{C6BA854B-3D13-49B6-A2B3-8326301D4893}"
	ProjectSection(SolutionItems) = preProject
		Bot.vsmdi = Bot.vsmdi
		Bot1.vsmdi = Bot1.vsmdi
		Bot2.vsmdi = Bot2.vsmdi
		LocalTestRun.testrunconfig = LocalTestRun.testrunconfig
	EndProjectSection
EndProject
Global
	GlobalSection(TestCaseManagementSettings) = postSolution
		CategoryFile = Bot2.vsmdi
	EndGlobalSection
	GlobalSection(SolutionConfigurationPlatforms) = preSolution
		Debug|Any CPU = Debug|Any CPU
		Release|Any CPU = Release|Any CPU
	EndGlobalSection
	GlobalSection(ProjectConfigurationPlatforms) = postSolution
		{3D110D33-2A6E-4608-AB27-BAFCF5C6C88A}.Debug|Any CPU.ActiveCfg = Debug|Any CPU
		{3D110D33-2A6E-4608-AB27-BAFCF5C6C88A}.Debug|Any CPU.Build.0 = Debug|Any CPU
		{3D110D33-2A6E-4608-AB27-BAFCF5C6C88A}.Release|Any CPU.ActiveCfg = Release|Any CPU
		{3D110D33-2A6E-4608-AB27-BAFCF5C6C88A}.Release|Any CPU.Build.0 = Release|Any CPU
		{CF44FA56-AE04-46AF-B259-192C4903123A}.Debug|Any CPU.ActiveCfg = Debug|Any CPU
		{CF44FA56-AE04-46AF-B259-192C4903123A}.Debug|Any CPU.Build.0 = Debug|Any CPU
		{CF44FA56-AE04-46AF-B259-192C4903123A}.Release|Any CPU.ActiveCfg = Release|Any CPU
		{CF44FA56-AE04-46AF-B259-192C4903123A}.Release|Any CPU.Build.0 = Release|Any CPU
	EndGlobalSection
	GlobalSection(SolutionProperties) = preSolution
		HideSolutionNode = FALSE
	EndGlobalSection
EndGlobal
